
Microsoft Visual Studio Solution File, Format Version 12.00
# Visual Studio 2012
Project("{FAE04EC0-301F-11D3-BF4B-00C04F79EFBC}") = "Total_Feed", "Total_Feed\Total_Feed.csproj", "{E18A3890-401E-439A-8379-B1E6E1448AA8}"
EndProject
Project("{FAE04EC0-301F-11D3-BF4B-00C04F79EFBC}") = "AppboyUI.Phone", "appboy-windows-phone-ui-master\AppboyUI.Phone.csproj", "{F3F057FE-0807-43FB-B214-4E67E27D5BA6}"
EndProject
Project("{FAE04EC0-301F-11D3-BF4B-00C04F79EFBC}") = "RateMyApp", "RateMyApp\RateMyApp.csproj", "{83C47431-2793-48E3-A2FB-CC6702523314}"
EndProject
Global
	GlobalSection(SolutionConfigurationPlatforms) = preSolution
		AppboyDeploy|Any CPU = AppboyDeploy|Any CPU
		AppboyDeploy|ARM = AppboyDeploy|ARM
		AppboyDeploy|x86 = AppboyDeploy|x86
		AppboyDeployWindows8|Any CPU = AppboyDeployWindows8|Any CPU
		AppboyDeployWindows8|ARM = AppboyDeployWindows8|ARM
		AppboyDeployWindows8|x86 = AppboyDeployWindows8|x86
		AppboyDevelop|Any CPU = AppboyDevelop|Any CPU
		AppboyDevelop|ARM = AppboyDevelop|ARM
		AppboyDevelop|x86 = AppboyDevelop|x86
		AppboyDevelopWindows8|Any CPU = AppboyDevelopWindows8|Any CPU
		AppboyDevelopWindows8|ARM = AppboyDevelopWindows8|ARM
		AppboyDevelopWindows8|x86 = AppboyDevelopWindows8|x86
		Debug|Any CPU = Debug|Any CPU
		Debug|ARM = Debug|ARM
		Debug|x86 = Debug|x86
		Release|Any CPU = Release|Any CPU
		Release|ARM = Release|ARM
		Release|x86 = Release|x86
	EndGlobalSection
	GlobalSection(ProjectConfigurationPlatforms) = postSolution
		{E18A3890-401E-439A-8379-B1E6E1448AA8}.AppboyDeploy|Any CPU.ActiveCfg = Release|Any CPU
		{E18A3890-401E-439A-8379-B1E6E1448AA8}.AppboyDeploy|Any CPU.Build.0 = Release|Any CPU
		{E18A3890-401E-439A-8379-B1E6E1448AA8}.AppboyDeploy|Any CPU.Deploy.0 = Release|Any CPU
		{E18A3890-401E-439A-8379-B1E6E1448AA8}.AppboyDeploy|ARM.ActiveCfg = Release|ARM
		{E18A3890-401E-439A-8379-B1E6E1448AA8}.AppboyDeploy|ARM.Build.0 = Release|ARM
		{E18A3890-401E-439A-8379-B1E6E1448AA8}.AppboyDeploy|ARM.Deploy.0 = Release|ARM
		{E18A3890-401E-439A-8379-B1E6E1448AA8}.AppboyDeploy|x86.ActiveCfg = Release|x86
		{E18A3890-401E-439A-8379-B1E6E1448AA8}.AppboyDeploy|x86.Build.0 = Release|x86
		{E18A3890-401E-439A-8379-B1E6E1448AA8}.AppboyDeploy|x86.Deploy.0 = Release|x86
		{E18A3890-401E-439A-8379-B1E6E1448AA8}.AppboyDeployWindows8|Any CPU.ActiveCfg = Release|Any CPU
		{E18A3890-401E-439A-8379-B1E6E1448AA8}.AppboyDeployWindows8|Any CPU.Build.0 = Release|Any CPU
		{E18A3890-401E-439A-8379-B1E6E1448AA8}.AppboyDeployWindows8|Any CPU.Deploy.0 = Release|Any CPU
		{E18A3890-401E-439A-8379-B1E6E1448AA8}.AppboyDeployWindows8|ARM.ActiveCfg = Release|ARM
		{E18A3890-401E-439A-8379-B1E6E1448AA8}.AppboyDeployWindows8|ARM.Build.0 = Release|ARM
		{E18A3890-401E-439A-8379-B1E6E1448AA8}.AppboyDeployWindows8|ARM.Deploy.0 = Release|ARM
		{E18A3890-401E-439A-8379-B1E6E1448AA8}.AppboyDeployWindows8|x86.ActiveCfg = Release|x86
		{E18A3890-401E-439A-8379-B1E6E1448AA8}.AppboyDeployWindows8|x86.Build.0 = Release|x86
		{E18A3890-401E-439A-8379-B1E6E1448AA8}.AppboyDeployWindows8|x86.Deploy.0 = Release|x86
		{E18A3890-401E-439A-8379-B1E6E1448AA8}.AppboyDevelop|Any CPU.ActiveCfg = Release|Any CPU
		{E18A3890-401E-439A-8379-B1E6E1448AA8}.AppboyDevelop|Any CPU.Build.0 = Release|Any CPU
		{E18A3890-401E-439A-8379-B1E6E1448AA8}.AppboyDevelop|Any CPU.Deploy.0 = Release|Any CPU
		{E18A3890-401E-439A-8379-B1E6E1448AA8}.AppboyDevelop|ARM.ActiveCfg = Release|ARM
		{E18A3890-401E-439A-8379-B1E6E1448AA8}.AppboyDevelop|ARM.Build.0 = Release|ARM
		{E18A3890-401E-439A-8379-B1E6E1448AA8}.AppboyDevelop|ARM.Deploy.0 = Release|ARM
		{E18A3890-401E-439A-8379-B1E6E1448AA8}.AppboyDevelop|x86.ActiveCfg = Release|x86
		{E18A3890-401E-439A-8379-B1E6E1448AA8}.AppboyDevelop|x86.Build.0 = Release|x86
		{E18A3890-401E-439A-8379-B1E6E1448AA8}.AppboyDevelop|x86.Deploy.0 = Release|x86
		{E18A3890-401E-439A-8379-B1E6E1448AA8}.AppboyDevelopWindows8|Any CPU.ActiveCfg = Release|Any CPU
		{E18A3890-401E-439A-8379-B1E6E1448AA8}.AppboyDevelopWindows8|Any CPU.Build.0 = Release|Any CPU
		{E18A3890-401E-439A-8379-B1E6E1448AA8}.AppboyDevelopWindows8|Any CPU.Deploy.0 = Release|Any CPU
		{E18A3890-401E-439A-8379-B1E6E1448AA8}.AppboyDevelopWindows8|ARM.ActiveCfg = Release|ARM
		{E18A3890-401E-439A-8379-B1E6E1448AA8}.AppboyDevelopWindows8|ARM.Build.0 = Release|ARM
		{E18A3890-401E-439A-8379-B1E6E1448AA8}.AppboyDevelopWindows8|ARM.Deploy.0 = Release|ARM
		{E18A3890-401E-439A-8379-B1E6E1448AA8}.AppboyDevelopWindows8|x86.ActiveCfg = Release|x86
		{E18A3890-401E-439A-8379-B1E6E1448AA8}.AppboyDevelopWindows8|x86.Build.0 = Release|x86
		{E18A3890-401E-439A-8379-B1E6E1448AA8}.AppboyDevelopWindows8|x86.Deploy.0 = Release|x86
		{E18A3890-401E-439A-8379-B1E6E1448AA8}.Debug|Any CPU.ActiveCfg = Debug|Any CPU
		{E18A3890-401E-439A-8379-B1E6E1448AA8}.Debug|Any CPU.Build.0 = Debug|Any CPU
		{E18A3890-401E-439A-8379-B1E6E1448AA8}.Debug|Any CPU.Deploy.0 = Debug|Any CPU
		{E18A3890-401E-439A-8379-B1E6E1448AA8}.Debug|ARM.ActiveCfg = Debug|ARM
		{E18A3890-401E-439A-8379-B1E6E1448AA8}.Debug|ARM.Build.0 = Debug|ARM
		{E18A3890-401E-439A-8379-B1E6E1448AA8}.Debug|ARM.Deploy.0 = Debug|ARM
		{E18A3890-401E-439A-8379-B1E6E1448AA8}.Debug|x86.ActiveCfg = Debug|x86
		{E18A3890-401E-439A-8379-B1E6E1448AA8}.Debug|x86.Build.0 = Debug|x86
		{E18A3890-401E-439A-8379-B1E6E1448AA8}.Debug|x86.Deploy.0 = Debug|x86
		{E18A3890-401E-439A-8379-B1E6E1448AA8}.Release|Any CPU.ActiveCfg = Release|Any CPU
		{E18A3890-401E-439A-8379-B1E6E1448AA8}.Release|Any CPU.Build.0 = Release|Any CPU
		{E18A3890-401E-439A-8379-B1E6E1448AA8}.Release|Any CPU.Deploy.0 = Release|Any CPU
		{E18A3890-401E-439A-8379-B1E6E1448AA8}.Release|ARM.ActiveCfg = Release|ARM
		{E18A3890-401E-439A-8379-B1E6E1448AA8}.Release|ARM.Build.0 = Release|ARM
		{E18A3890-401E-439A-8379-B1E6E1448AA8}.Release|ARM.Deploy.0 = Release|ARM
		{E18A3890-401E-439A-8379-B1E6E1448AA8}.Release|x86.ActiveCfg = Release|x86
		{E18A3890-401E-439A-8379-B1E6E1448AA8}.Release|x86.Build.0 = Release|x86
		{E18A3890-401E-439A-8379-B1E6E1448AA8}.Release|x86.Deploy.0 = Release|x86
		{F3F057FE-0807-43FB-B214-4E67E27D5BA6}.AppboyDeploy|Any CPU.ActiveCfg = AppboyDeploy|Any CPU
		{F3F057FE-0807-43FB-B214-4E67E27D5BA6}.AppboyDeploy|Any CPU.Build.0 = AppboyDeploy|Any CPU
		{F3F057FE-0807-43FB-B214-4E67E27D5BA6}.AppboyDeploy|ARM.ActiveCfg = AppboyDeploy|ARM
		{F3F057FE-0807-43FB-B214-4E67E27D5BA6}.AppboyDeploy|ARM.Build.0 = AppboyDeploy|ARM
		{F3F057FE-0807-43FB-B214-4E67E27D5BA6}.AppboyDeploy|x86.ActiveCfg = AppboyDeploy|x86
		{F3F057FE-0807-43FB-B214-4E67E27D5BA6}.AppboyDeploy|x86.Build.0 = AppboyDeploy|x86
		{F3F057FE-0807-43FB-B214-4E67E27D5BA6}.AppboyDeployWindows8|Any CPU.ActiveCfg = AppboyDeployWindows8|Any CPU
		{F3F057FE-0807-43FB-B214-4E67E27D5BA6}.AppboyDeployWindows8|Any CPU.Build.0 = AppboyDeployWindows8|Any CPU
		{F3F057FE-0807-43FB-B214-4E67E27D5BA6}.AppboyDeployWindows8|ARM.ActiveCfg = AppboyDeployWindows8|ARM
		{F3F057FE-0807-43FB-B214-4E67E27D5BA6}.AppboyDeployWindows8|ARM.Build.0 = AppboyDeployWindows8|ARM
		{F3F057FE-0807-43FB-B214-4E67E27D5BA6}.AppboyDeployWindows8|x86.ActiveCfg = AppboyDeployWindows8|x86
		{F3F057FE-0807-43FB-B214-4E67E27D5BA6}.AppboyDeployWindows8|x86.Build.0 = AppboyDeployWindows8|x86
		{F3F057FE-0807-43FB-B214-4E67E27D5BA6}.AppboyDevelop|Any CPU.ActiveCfg = AppboyDevelop|Any CPU
		{F3F057FE-0807-43FB-B214-4E67E27D5BA6}.AppboyDevelop|Any CPU.Build.0 = AppboyDevelop|Any CPU
		{F3F057FE-0807-43FB-B214-4E67E27D5BA6}.AppboyDevelop|ARM.ActiveCfg = AppboyDevelop|ARM
		{F3F057FE-0807-43FB-B214-4E67E27D5BA6}.AppboyDevelop|ARM.Build.0 = AppboyDevelop|ARM
		{F3F057FE-0807-43FB-B214-4E67E27D5BA6}.AppboyDevelop|x86.ActiveCfg = AppboyDevelop|x86
		{F3F057FE-0807-43FB-B214-4E67E27D5BA6}.AppboyDevelop|x86.Build.0 = AppboyDevelop|x86
		{F3F057FE-0807-43FB-B214-4E67E27D5BA6}.AppboyDevelopWindows8|Any CPU.ActiveCfg = AppboyDevelopWindows8|Any CPU
		{F3F057FE-0807-43FB-B214-4E67E27D5BA6}.AppboyDevelopWindows8|Any CPU.Build.0 = AppboyDevelopWindows8|Any CPU
		{F3F057FE-0807-43FB-B214-4E67E27D5BA6}.AppboyDevelopWindows8|ARM.ActiveCfg = AppboyDevelopWindows8|ARM
		{F3F057FE-0807-43FB-B214-4E67E27D5BA6}.AppboyDevelopWindows8|ARM.Build.0 = AppboyDevelopWindows8|ARM
		{F3F057FE-0807-43FB-B214-4E67E27D5BA6}.AppboyDevelopWindows8|x86.ActiveCfg = AppboyDevelopWindows8|x86
		{F3F057FE-0807-43FB-B214-4E67E27D5BA6}.AppboyDevelopWindows8|x86.Build.0 = AppboyDevelopWindows8|x86
		{F3F057FE-0807-43FB-B214-4E67E27D5BA6}.Debug|Any CPU.ActiveCfg = Debug|Any CPU
		{F3F057FE-0807-43FB-B214-4E67E27D5BA6}.Debug|Any CPU.Build.0 = Debug|Any CPU
		{F3F057FE-0807-43FB-B214-4E67E27D5BA6}.Debug|ARM.ActiveCfg = Debug|ARM
		{F3F057FE-0807-43FB-B214-4E67E27D5BA6}.Debug|ARM.Build.0 = Debug|ARM
		{F3F057FE-0807-43FB-B214-4E67E27D5BA6}.Debug|x86.ActiveCfg = Debug|x86
		{F3F057FE-0807-43FB-B214-4E67E27D5BA6}.Debug|x86.Build.0 = Debug|x86
		{F3F057FE-0807-43FB-B214-4E67E27D5BA6}.Release|Any CPU.ActiveCfg = Release|Any CPU
		{F3F057FE-0807-43FB-B214-4E67E27D5BA6}.Release|Any CPU.Build.0 = Release|Any CPU
		{F3F057FE-0807-43FB-B214-4E67E27D5BA6}.Release|ARM.ActiveCfg = Release|ARM
		{F3F057FE-0807-43FB-B214-4E67E27D5BA6}.Release|ARM.Build.0 = Release|ARM
		{F3F057FE-0807-43FB-B214-4E67E27D5BA6}.Release|x86.ActiveCfg = Release|x86
		{F3F057FE-0807-43FB-B214-4E67E27D5BA6}.Release|x86.Build.0 = Release|x86
		{83C47431-2793-48E3-A2FB-CC6702523314}.AppboyDeploy|Any CPU.ActiveCfg = Release|Any CPU
		{83C47431-2793-48E3-A2FB-CC6702523314}.AppboyDeploy|Any CPU.Build.0 = Release|Any CPU
		{83C47431-2793-48E3-A2FB-CC6702523314}.AppboyDeploy|ARM.ActiveCfg = Release|Any CPU
		{83C47431-2793-48E3-A2FB-CC6702523314}.AppboyDeploy|x86.ActiveCfg = Release|Any CPU
		{83C47431-2793-48E3-A2FB-CC6702523314}.AppboyDeployWindows8|Any CPU.ActiveCfg = Release|Any CPU
		{83C47431-2793-48E3-A2FB-CC6702523314}.AppboyDeployWindows8|Any CPU.Build.0 = Release|Any CPU
		{83C47431-2793-48E3-A2FB-CC6702523314}.AppboyDeployWindows8|ARM.ActiveCfg = Release|Any CPU
		{83C47431-2793-48E3-A2FB-CC6702523314}.AppboyDeployWindows8|x86.ActiveCfg = Release|Any CPU
		{83C47431-2793-48E3-A2FB-CC6702523314}.AppboyDevelop|Any CPU.ActiveCfg = Release|Any CPU
		{83C47431-2793-48E3-A2FB-CC6702523314}.AppboyDevelop|Any CPU.Build.0 = Release|Any CPU
		{83C47431-2793-48E3-A2FB-CC6702523314}.AppboyDevelop|ARM.ActiveCfg = Release|Any CPU
		{83C47431-2793-48E3-A2FB-CC6702523314}.AppboyDevelop|x86.ActiveCfg = Release|Any CPU
		{83C47431-2793-48E3-A2FB-CC6702523314}.AppboyDevelopWindows8|Any CPU.ActiveCfg = Release|Any CPU
		{83C47431-2793-48E3-A2FB-CC6702523314}.AppboyDevelopWindows8|Any CPU.Build.0 = Release|Any CPU
		{83C47431-2793-48E3-A2FB-CC6702523314}.AppboyDevelopWindows8|ARM.ActiveCfg = Release|Any CPU
		{83C47431-2793-48E3-A2FB-CC6702523314}.AppboyDevelopWindows8|x86.ActiveCfg = Release|Any CPU
		{83C47431-2793-48E3-A2FB-CC6702523314}.Debug|Any CPU.ActiveCfg = Debug|Any CPU
		{83C47431-2793-48E3-A2FB-CC6702523314}.Debug|Any CPU.Build.0 = Debug|Any CPU
		{83C47431-2793-48E3-A2FB-CC6702523314}.Debug|ARM.ActiveCfg = Debug|Any CPU
		{83C47431-2793-48E3-A2FB-CC6702523314}.Debug|x86.ActiveCfg = Debug|Any CPU
		{83C47431-2793-48E3-A2FB-CC6702523314}.Release|Any CPU.ActiveCfg = Release|Any CPU
		{83C47431-2793-48E3-A2FB-CC6702523314}.Release|Any CPU.Build.0 = Release|Any CPU
		{83C47431-2793-48E3-A2FB-CC6702523314}.Release|ARM.ActiveCfg = Release|Any CPU
		{83C47431-2793-48E3-A2FB-CC6702523314}.Release|x86.ActiveCfg = Release|Any CPU
	EndGlobalSection
	GlobalSection(SolutionProperties) = preSolution
		HideSolutionNode = FALSE
	EndGlobalSection
EndGlobal
