
Microsoft Visual Studio Solution File, Format Version 12.00
# Visual Studio 2012
Project("{FAE04EC0-301F-11D3-BF4B-00C04F79EFBC}") = "Naruto_Screen", "Naruto_Screen\Naruto_Screen.csproj", "{00B3C620-FC09-44EE-AAE4-43CFAD37C47D}"
EndProject
Project("{FAE04EC0-301F-11D3-BF4B-00C04F79EFBC}") = "AppboyUI.Phone", "appboy-windows-phone-ui-master\AppboyUI.Phone.csproj", "{F3F057FE-0807-43FB-B214-4E67E27D5BA6}"
EndProject
Global
	GlobalSection(SolutionConfigurationPlatforms) = preSolution
		AppboyDeploy|Any CPU = AppboyDeploy|Any CPU
		AppboyDeploy|ARM = AppboyDeploy|ARM
		AppboyDeploy|x86 = AppboyDeploy|x86
		AppboyDeployWindows8|Any CPU = AppboyDeployWindows8|Any CPU
		AppboyDeployWindows8|ARM = AppboyDeployWindows8|ARM
		AppboyDeployWindows8|x86 = AppboyDeployWindows8|x86
		AppboyDevelop|Any CPU = AppboyDevelop|Any CPU
		AppboyDevelop|ARM = AppboyDevelop|ARM
		AppboyDevelop|x86 = AppboyDevelop|x86
		AppboyDevelopWindows8|Any CPU = AppboyDevelopWindows8|Any CPU
		AppboyDevelopWindows8|ARM = AppboyDevelopWindows8|ARM
		AppboyDevelopWindows8|x86 = AppboyDevelopWindows8|x86
		Debug|Any CPU = Debug|Any CPU
		Debug|ARM = Debug|ARM
		Debug|x86 = Debug|x86
		Release|Any CPU = Release|Any CPU
		Release|ARM = Release|ARM
		Release|x86 = Release|x86
	EndGlobalSection
	GlobalSection(ProjectConfigurationPlatforms) = postSolution
		{00B3C620-FC09-44EE-AAE4-43CFAD37C47D}.AppboyDeploy|Any CPU.ActiveCfg = Release|Any CPU
		{00B3C620-FC09-44EE-AAE4-43CFAD37C47D}.AppboyDeploy|Any CPU.Build.0 = Release|Any CPU
		{00B3C620-FC09-44EE-AAE4-43CFAD37C47D}.AppboyDeploy|Any CPU.Deploy.0 = Release|Any CPU
		{00B3C620-FC09-44EE-AAE4-43CFAD37C47D}.AppboyDeploy|ARM.ActiveCfg = Release|ARM
		{00B3C620-FC09-44EE-AAE4-43CFAD37C47D}.AppboyDeploy|ARM.Build.0 = Release|ARM
		{00B3C620-FC09-44EE-AAE4-43CFAD37C47D}.AppboyDeploy|ARM.Deploy.0 = Release|ARM
		{00B3C620-FC09-44EE-AAE4-43CFAD37C47D}.AppboyDeploy|x86.ActiveCfg = Release|x86
		{00B3C620-FC09-44EE-AAE4-43CFAD37C47D}.AppboyDeploy|x86.Build.0 = Release|x86
		{00B3C620-FC09-44EE-AAE4-43CFAD37C47D}.AppboyDeploy|x86.Deploy.0 = Release|x86
		{00B3C620-FC09-44EE-AAE4-43CFAD37C47D}.AppboyDeployWindows8|Any CPU.ActiveCfg = Release|Any CPU
		{00B3C620-FC09-44EE-AAE4-43CFAD37C47D}.AppboyDeployWindows8|Any CPU.Build.0 = Release|Any CPU
		{00B3C620-FC09-44EE-AAE4-43CFAD37C47D}.AppboyDeployWindows8|Any CPU.Deploy.0 = Release|Any CPU
		{00B3C620-FC09-44EE-AAE4-43CFAD37C47D}.AppboyDeployWindows8|ARM.ActiveCfg = Release|ARM
		{00B3C620-FC09-44EE-AAE4-43CFAD37C47D}.AppboyDeployWindows8|ARM.Build.0 = Release|ARM
		{00B3C620-FC09-44EE-AAE4-43CFAD37C47D}.AppboyDeployWindows8|ARM.Deploy.0 = Release|ARM
		{00B3C620-FC09-44EE-AAE4-43CFAD37C47D}.AppboyDeployWindows8|x86.ActiveCfg = Release|x86
		{00B3C620-FC09-44EE-AAE4-43CFAD37C47D}.AppboyDeployWindows8|x86.Build.0 = Release|x86
		{00B3C620-FC09-44EE-AAE4-43CFAD37C47D}.AppboyDeployWindows8|x86.Deploy.0 = Release|x86
		{00B3C620-FC09-44EE-AAE4-43CFAD37C47D}.AppboyDevelop|Any CPU.ActiveCfg = Release|Any CPU
		{00B3C620-FC09-44EE-AAE4-43CFAD37C47D}.AppboyDevelop|Any CPU.Build.0 = Release|Any CPU
		{00B3C620-FC09-44EE-AAE4-43CFAD37C47D}.AppboyDevelop|Any CPU.Deploy.0 = Release|Any CPU
		{00B3C620-FC09-44EE-AAE4-43CFAD37C47D}.AppboyDevelop|ARM.ActiveCfg = Release|ARM
		{00B3C620-FC09-44EE-AAE4-43CFAD37C47D}.AppboyDevelop|ARM.Build.0 = Release|ARM
		{00B3C620-FC09-44EE-AAE4-43CFAD37C47D}.AppboyDevelop|ARM.Deploy.0 = Release|ARM
		{00B3C620-FC09-44EE-AAE4-43CFAD37C47D}.AppboyDevelop|x86.ActiveCfg = Release|x86
		{00B3C620-FC09-44EE-AAE4-43CFAD37C47D}.AppboyDevelop|x86.Build.0 = Release|x86
		{00B3C620-FC09-44EE-AAE4-43CFAD37C47D}.AppboyDevelop|x86.Deploy.0 = Release|x86
		{00B3C620-FC09-44EE-AAE4-43CFAD37C47D}.AppboyDevelopWindows8|Any CPU.ActiveCfg = Release|Any CPU
		{00B3C620-FC09-44EE-AAE4-43CFAD37C47D}.AppboyDevelopWindows8|Any CPU.Build.0 = Release|Any CPU
		{00B3C620-FC09-44EE-AAE4-43CFAD37C47D}.AppboyDevelopWindows8|Any CPU.Deploy.0 = Release|Any CPU
		{00B3C620-FC09-44EE-AAE4-43CFAD37C47D}.AppboyDevelopWindows8|ARM.ActiveCfg = Release|ARM
		{00B3C620-FC09-44EE-AAE4-43CFAD37C47D}.AppboyDevelopWindows8|ARM.Build.0 = Release|ARM
		{00B3C620-FC09-44EE-AAE4-43CFAD37C47D}.AppboyDevelopWindows8|ARM.Deploy.0 = Release|ARM
		{00B3C620-FC09-44EE-AAE4-43CFAD37C47D}.AppboyDevelopWindows8|x86.ActiveCfg = Release|x86
		{00B3C620-FC09-44EE-AAE4-43CFAD37C47D}.AppboyDevelopWindows8|x86.Build.0 = Release|x86
		{00B3C620-FC09-44EE-AAE4-43CFAD37C47D}.AppboyDevelopWindows8|x86.Deploy.0 = Release|x86
		{00B3C620-FC09-44EE-AAE4-43CFAD37C47D}.Debug|Any CPU.ActiveCfg = Debug|Any CPU
		{00B3C620-FC09-44EE-AAE4-43CFAD37C47D}.Debug|Any CPU.Build.0 = Debug|Any CPU
		{00B3C620-FC09-44EE-AAE4-43CFAD37C47D}.Debug|Any CPU.Deploy.0 = Debug|Any CPU
		{00B3C620-FC09-44EE-AAE4-43CFAD37C47D}.Debug|ARM.ActiveCfg = Debug|ARM
		{00B3C620-FC09-44EE-AAE4-43CFAD37C47D}.Debug|ARM.Build.0 = Debug|ARM
		{00B3C620-FC09-44EE-AAE4-43CFAD37C47D}.Debug|ARM.Deploy.0 = Debug|ARM
		{00B3C620-FC09-44EE-AAE4-43CFAD37C47D}.Debug|x86.ActiveCfg = Debug|x86
		{00B3C620-FC09-44EE-AAE4-43CFAD37C47D}.Debug|x86.Build.0 = Debug|x86
		{00B3C620-FC09-44EE-AAE4-43CFAD37C47D}.Debug|x86.Deploy.0 = Debug|x86
		{00B3C620-FC09-44EE-AAE4-43CFAD37C47D}.Release|Any CPU.ActiveCfg = Release|Any CPU
		{00B3C620-FC09-44EE-AAE4-43CFAD37C47D}.Release|Any CPU.Build.0 = Release|Any CPU
		{00B3C620-FC09-44EE-AAE4-43CFAD37C47D}.Release|Any CPU.Deploy.0 = Release|Any CPU
		{00B3C620-FC09-44EE-AAE4-43CFAD37C47D}.Release|ARM.ActiveCfg = Release|ARM
		{00B3C620-FC09-44EE-AAE4-43CFAD37C47D}.Release|ARM.Build.0 = Release|ARM
		{00B3C620-FC09-44EE-AAE4-43CFAD37C47D}.Release|ARM.Deploy.0 = Release|ARM
		{00B3C620-FC09-44EE-AAE4-43CFAD37C47D}.Release|x86.ActiveCfg = Release|x86
		{00B3C620-FC09-44EE-AAE4-43CFAD37C47D}.Release|x86.Build.0 = Release|x86
		{00B3C620-FC09-44EE-AAE4-43CFAD37C47D}.Release|x86.Deploy.0 = Release|x86
		{F3F057FE-0807-43FB-B214-4E67E27D5BA6}.AppboyDeploy|Any CPU.ActiveCfg = AppboyDeploy|Any CPU
		{F3F057FE-0807-43FB-B214-4E67E27D5BA6}.AppboyDeploy|Any CPU.Build.0 = AppboyDeploy|Any CPU
		{F3F057FE-0807-43FB-B214-4E67E27D5BA6}.AppboyDeploy|ARM.ActiveCfg = AppboyDeploy|ARM
		{F3F057FE-0807-43FB-B214-4E67E27D5BA6}.AppboyDeploy|ARM.Build.0 = AppboyDeploy|ARM
		{F3F057FE-0807-43FB-B214-4E67E27D5BA6}.AppboyDeploy|x86.ActiveCfg = AppboyDeploy|x86
		{F3F057FE-0807-43FB-B214-4E67E27D5BA6}.AppboyDeploy|x86.Build.0 = AppboyDeploy|x86
		{F3F057FE-0807-43FB-B214-4E67E27D5BA6}.AppboyDeployWindows8|Any CPU.ActiveCfg = AppboyDeployWindows8|Any CPU
		{F3F057FE-0807-43FB-B214-4E67E27D5BA6}.AppboyDeployWindows8|Any CPU.Build.0 = AppboyDeployWindows8|Any CPU
		{F3F057FE-0807-43FB-B214-4E67E27D5BA6}.AppboyDeployWindows8|ARM.ActiveCfg = AppboyDeployWindows8|ARM
		{F3F057FE-0807-43FB-B214-4E67E27D5BA6}.AppboyDeployWindows8|ARM.Build.0 = AppboyDeployWindows8|ARM
		{F3F057FE-0807-43FB-B214-4E67E27D5BA6}.AppboyDeployWindows8|x86.ActiveCfg = AppboyDeployWindows8|x86
		{F3F057FE-0807-43FB-B214-4E67E27D5BA6}.AppboyDeployWindows8|x86.Build.0 = AppboyDeployWindows8|x86
		{F3F057FE-0807-43FB-B214-4E67E27D5BA6}.AppboyDevelop|Any CPU.ActiveCfg = AppboyDevelop|Any CPU
		{F3F057FE-0807-43FB-B214-4E67E27D5BA6}.AppboyDevelop|Any CPU.Build.0 = AppboyDevelop|Any CPU
		{F3F057FE-0807-43FB-B214-4E67E27D5BA6}.AppboyDevelop|ARM.ActiveCfg = AppboyDevelop|ARM
		{F3F057FE-0807-43FB-B214-4E67E27D5BA6}.AppboyDevelop|ARM.Build.0 = AppboyDevelop|ARM
		{F3F057FE-0807-43FB-B214-4E67E27D5BA6}.AppboyDevelop|x86.ActiveCfg = AppboyDevelop|x86
		{F3F057FE-0807-43FB-B214-4E67E27D5BA6}.AppboyDevelop|x86.Build.0 = AppboyDevelop|x86
		{F3F057FE-0807-43FB-B214-4E67E27D5BA6}.AppboyDevelopWindows8|Any CPU.ActiveCfg = AppboyDevelopWindows8|Any CPU
		{F3F057FE-0807-43FB-B214-4E67E27D5BA6}.AppboyDevelopWindows8|Any CPU.Build.0 = AppboyDevelopWindows8|Any CPU
		{F3F057FE-0807-43FB-B214-4E67E27D5BA6}.AppboyDevelopWindows8|ARM.ActiveCfg = AppboyDevelopWindows8|ARM
		{F3F057FE-0807-43FB-B214-4E67E27D5BA6}.AppboyDevelopWindows8|ARM.Build.0 = AppboyDevelopWindows8|ARM
		{F3F057FE-0807-43FB-B214-4E67E27D5BA6}.AppboyDevelopWindows8|x86.ActiveCfg = AppboyDevelopWindows8|x86
		{F3F057FE-0807-43FB-B214-4E67E27D5BA6}.AppboyDevelopWindows8|x86.Build.0 = AppboyDevelopWindows8|x86
		{F3F057FE-0807-43FB-B214-4E67E27D5BA6}.Debug|Any CPU.ActiveCfg = Debug|Any CPU
		{F3F057FE-0807-43FB-B214-4E67E27D5BA6}.Debug|Any CPU.Build.0 = Debug|Any CPU
		{F3F057FE-0807-43FB-B214-4E67E27D5BA6}.Debug|ARM.ActiveCfg = Debug|ARM
		{F3F057FE-0807-43FB-B214-4E67E27D5BA6}.Debug|ARM.Build.0 = Debug|ARM
		{F3F057FE-0807-43FB-B214-4E67E27D5BA6}.Debug|x86.ActiveCfg = Debug|x86
		{F3F057FE-0807-43FB-B214-4E67E27D5BA6}.Debug|x86.Build.0 = Debug|x86
		{F3F057FE-0807-43FB-B214-4E67E27D5BA6}.Release|Any CPU.ActiveCfg = Release|Any CPU
		{F3F057FE-0807-43FB-B214-4E67E27D5BA6}.Release|Any CPU.Build.0 = Release|Any CPU
		{F3F057FE-0807-43FB-B214-4E67E27D5BA6}.Release|ARM.ActiveCfg = Release|ARM
		{F3F057FE-0807-43FB-B214-4E67E27D5BA6}.Release|ARM.Build.0 = Release|ARM
		{F3F057FE-0807-43FB-B214-4E67E27D5BA6}.Release|x86.ActiveCfg = Release|x86
		{F3F057FE-0807-43FB-B214-4E67E27D5BA6}.Release|x86.Build.0 = Release|x86
	EndGlobalSection
	GlobalSection(SolutionProperties) = preSolution
		HideSolutionNode = FALSE
	EndGlobalSection
EndGlobal
